
Microsoft Visual Studio Solution File, Format Version 12.00
# Visual Studio Version 17
VisualStudioVersion = 17.0.31903.59
MinimumVisualStudioVersion = 10.0.40219.1
Project("{FAE04EC0-301F-11D3-BF4B-00C04F79EFBC}") = "SchoolAdministrator.Web", "SchoolAdministrator.Web\SchoolAdministrator.Web.csproj", "{823D021E-D5EC-40C1-9421-6B477D7FF172}"
EndProject
Project("{FAE04EC0-301F-11D3-BF4B-00C04F79EFBC}") = "SchoolAdministrator.Core", "SchoolAdministrator.Core\SchoolAdministrator.Core.csproj", "{BC46E476-DAC2-47CC-8427-8C9012602571}"
EndProject
Project("{FAE04EC0-301F-11D3-BF4B-00C04F79EFBC}") = "SchoolAdministrator.Services", "SchoolAdministrator.Services\SchoolAdministrator.Services.csproj", "{C56A5BEA-D15D-4257-A265-8AD4C1AF184B}"
EndProject
Project("{FAE04EC0-301F-11D3-BF4B-00C04F79EFBC}") = "SchoolAdministrator.Infraestructure", "SchoolAdministrator.Infraestructure\SchoolAdministrator.Infraestructure.csproj", "{3242A1FF-7897-46E7-9EA8-E58801F5C699}"
EndProject
Global
	GlobalSection(SolutionConfigurationPlatforms) = preSolution
		Debug|Any CPU = Debug|Any CPU
		Release|Any CPU = Release|Any CPU
	EndGlobalSection
	GlobalSection(SolutionProperties) = preSolution
		HideSolutionNode = FALSE
	EndGlobalSection
	GlobalSection(ProjectConfigurationPlatforms) = postSolution
		{823D021E-D5EC-40C1-9421-6B477D7FF172}.Debug|Any CPU.ActiveCfg = Debug|Any CPU
		{823D021E-D5EC-40C1-9421-6B477D7FF172}.Debug|Any CPU.Build.0 = Debug|Any CPU
		{823D021E-D5EC-40C1-9421-6B477D7FF172}.Release|Any CPU.ActiveCfg = Release|Any CPU
		{823D021E-D5EC-40C1-9421-6B477D7FF172}.Release|Any CPU.Build.0 = Release|Any CPU
		{BC46E476-DAC2-47CC-8427-8C9012602571}.Debug|Any CPU.ActiveCfg = Debug|Any CPU
		{BC46E476-DAC2-47CC-8427-8C9012602571}.Debug|Any CPU.Build.0 = Debug|Any CPU
		{BC46E476-DAC2-47CC-8427-8C9012602571}.Release|Any CPU.ActiveCfg = Release|Any CPU
		{BC46E476-DAC2-47CC-8427-8C9012602571}.Release|Any CPU.Build.0 = Release|Any CPU
		{C56A5BEA-D15D-4257-A265-8AD4C1AF184B}.Debug|Any CPU.ActiveCfg = Debug|Any CPU
		{C56A5BEA-D15D-4257-A265-8AD4C1AF184B}.Debug|Any CPU.Build.0 = Debug|Any CPU
		{C56A5BEA-D15D-4257-A265-8AD4C1AF184B}.Release|Any CPU.ActiveCfg = Release|Any CPU
		{C56A5BEA-D15D-4257-A265-8AD4C1AF184B}.Release|Any CPU.Build.0 = Release|Any CPU
		{3242A1FF-7897-46E7-9EA8-E58801F5C699}.Debug|Any CPU.ActiveCfg = Debug|Any CPU
		{3242A1FF-7897-46E7-9EA8-E58801F5C699}.Debug|Any CPU.Build.0 = Debug|Any CPU
		{3242A1FF-7897-46E7-9EA8-E58801F5C699}.Release|Any CPU.ActiveCfg = Release|Any CPU
		{3242A1FF-7897-46E7-9EA8-E58801F5C699}.Release|Any CPU.Build.0 = Release|Any CPU
	EndGlobalSection
EndGlobal
